
Microsoft Visual Studio Solution File, Format Version 12.00
# Visual Studio Version 17
VisualStudioVersion = 17.6.33829.357
MinimumVisualStudioVersion = 10.0.40219.1
Project("{FAE04EC0-301F-11D3-BF4B-00C04F79EFBC}") = "Chronos", "Chronos.csproj", "{95C93C0B-055D-47FB-A277-DC204C92A88C}"
EndProject
Global
	GlobalSection(SolutionConfigurationPlatforms) = preSolution
		Debug|Any CPU = Debug|Any CPU
		Release|Any CPU = Release|Any CPU
	EndGlobalSection
	GlobalSection(ProjectConfigurationPlatforms) = postSolution
		{95C93C0B-055D-47FB-A277-DC204C92A88C}.Debug|Any CPU.ActiveCfg = Debug|Any CPU
		{95C93C0B-055D-47FB-A277-DC204C92A88C}.Debug|Any CPU.Build.0 = Debug|Any CPU
		{95C93C0B-055D-47FB-A277-DC204C92A88C}.Release|Any CPU.ActiveCfg = Release|Any CPU
		{95C93C0B-055D-47FB-A277-DC204C92A88C}.Release|Any CPU.Build.0 = Release|Any CPU
	EndGlobalSection
	GlobalSection(SolutionProperties) = preSolution
		HideSolutionNode = FALSE
	EndGlobalSection
	GlobalSection(ExtensibilityGlobals) = postSolution
		SolutionGuid = {0A51F271-33E0-4160-98DF-A9E3A1F57D41}
	EndGlobalSection
EndGlobal
